
Microsoft Visual Studio Solution File, Format Version 12.00
# Visual Studio Version 17
VisualStudioVersion = 17.8.34309.116
MinimumVisualStudioVersion = 10.0.40219.1
Project("{FAE04EC0-301F-11D3-BF4B-00C04F79EFBC}") = "DatingApp_FullSD.Server", "DatingApp_FullSD\Server\DatingApp_FullSD.Server.csproj", "{BAD9169E-CAEB-43A4-8697-B175A79C1DA5}"
EndProject
Project("{FAE04EC0-301F-11D3-BF4B-00C04F79EFBC}") = "DatingApp_FullSD.Client", "DatingApp_FullSD\Client\DatingApp_FullSD.Client.csproj", "{0EC4CB43-AC4E-46F5-B07F-1B32EA6B6266}"
EndProject
Project("{FAE04EC0-301F-11D3-BF4B-00C04F79EFBC}") = "DatingApp_FullSD.Shared", "DatingApp_FullSD\Shared\DatingApp_FullSD.Shared.csproj", "{67617FDE-0FE9-4D8D-AACA-33150A2CA4DD}"
EndProject
Global
	GlobalSection(SolutionConfigurationPlatforms) = preSolution
		Debug|Any CPU = Debug|Any CPU
		Release|Any CPU = Release|Any CPU
	EndGlobalSection
	GlobalSection(ProjectConfigurationPlatforms) = postSolution
		{BAD9169E-CAEB-43A4-8697-B175A79C1DA5}.Debug|Any CPU.ActiveCfg = Debug|Any CPU
		{BAD9169E-CAEB-43A4-8697-B175A79C1DA5}.Debug|Any CPU.Build.0 = Debug|Any CPU
		{BAD9169E-CAEB-43A4-8697-B175A79C1DA5}.Release|Any CPU.ActiveCfg = Release|Any CPU
		{BAD9169E-CAEB-43A4-8697-B175A79C1DA5}.Release|Any CPU.Build.0 = Release|Any CPU
		{0EC4CB43-AC4E-46F5-B07F-1B32EA6B6266}.Debug|Any CPU.ActiveCfg = Debug|Any CPU
		{0EC4CB43-AC4E-46F5-B07F-1B32EA6B6266}.Debug|Any CPU.Build.0 = Debug|Any CPU
		{0EC4CB43-AC4E-46F5-B07F-1B32EA6B6266}.Release|Any CPU.ActiveCfg = Release|Any CPU
		{0EC4CB43-AC4E-46F5-B07F-1B32EA6B6266}.Release|Any CPU.Build.0 = Release|Any CPU
		{67617FDE-0FE9-4D8D-AACA-33150A2CA4DD}.Debug|Any CPU.ActiveCfg = Debug|Any CPU
		{67617FDE-0FE9-4D8D-AACA-33150A2CA4DD}.Debug|Any CPU.Build.0 = Debug|Any CPU
		{67617FDE-0FE9-4D8D-AACA-33150A2CA4DD}.Release|Any CPU.ActiveCfg = Release|Any CPU
		{67617FDE-0FE9-4D8D-AACA-33150A2CA4DD}.Release|Any CPU.Build.0 = Release|Any CPU
	EndGlobalSection
	GlobalSection(SolutionProperties) = preSolution
		HideSolutionNode = FALSE
	EndGlobalSection
	GlobalSection(ExtensibilityGlobals) = postSolution
		SolutionGuid = {0860B41A-CF2F-496B-8501-732CE5A60D4D}
	EndGlobalSection
EndGlobal
